schema: '2.0'
stages:
  fit-scaler:
    cmd: python scripts/fit_scaler.py
    params:
      params.yaml:
        split.train_split: '2013-09-01'
        split.val_split: '2021-09-01'
    outs:
    - path: data/scaler.pkl
      hash: md5
      md5: 6547aaa17c0d6547eca649c9bd551884
      size: 474
  establish-baselines:
    cmd: python scripts/establish_baselines.py
    params:
      params.yaml:
        general.forecast_horizon: 96
        split.test_split: '2023-09-01'
        split.val_split: '2021-09-01'
        validation.min_lookback_hours: 24
        validation.stride: 24
    outs:
    - path: data/forecast_samples/LOCF.pkl
      hash: md5
      md5: ffda2f0b15483f91477fdc46f4e93766
      size: 10611
    - path: data/forecast_samples/MEAN.pkl
      hash: md5
      md5: 444c69b8efa1e6321f90e114537f33a5
      size: 15804
    - path: data/forecast_samples/SNAIVE.pkl
      hash: md5
      md5: 50d325648b138db98be3606f2e76c8bb
      size: 10611
    - path: data/metrics/LOCF.json
      hash: md5
      md5: 19c2619feb19fc41bb83fec468429f79
      size: 180
    - path: data/metrics/MEAN.json
      hash: md5
      md5: 1143b70178cfd854cc3a2691d345399a
      size: 178
    - path: data/metrics/SNAIVE.json
      hash: md5
      md5: 6ed3c773d199c422cb8200340495f753
      size: 178
    - path: data/metrics/raw/LOCF.csv
      hash: md5
      md5: 06dbdbda036879668306415ec237f7b9
      size: 6641670
    - path: data/metrics/raw/MEAN.csv
      hash: md5
      md5: 33db0aab556f8e06bfebb4fe0e8cdd32
      size: 6708260
    - path: data/metrics/raw/SNAIVE.csv
      hash: md5
      md5: af96f5809bc765cb7666c5fa25f7c52c
      size: 6685345
  timesfm-baseline:
    cmd: uv run --no-project --python 3.11 scripts/timesfm_baseline.py
    params:
      params.yaml:
        general.forecast_horizon: 96
        split.test_split: '2023-09-01'
        split.val_split: '2021-09-01'
        timesfm.version: 200m
        validation.min_lookback_hours: 24
        validation.stride: 24
    outs:
    - path: data/forecast_samples/TIMESFM.pkl
      hash: md5
      md5: f56f913c2db9fa2b6c916a7ddb51a5cf
      size: 28389
    - path: data/metrics/TIMESFM.json
      hash: md5
      md5: daf751bb78dd76cfb9deb94568a4478d
      size: 179
    - path: data/metrics/raw/TIMESFM.csv
      hash: md5
      md5: 03f58d95a96c1906a86231a555d67fb8
      size: 6599597
